
Microsoft Visual Studio Solution File, Format Version 12.00
# Visual Studio Version 17
VisualStudioVersion = 17.4.33213.308
MinimumVisualStudioVersion = 10.0.40219.1
Project("{8BC9CEB8-8B4A-11D0-8D11-00A0C91BC942}") = "7579번", "7579번.vcxproj", "{74193FB9-08CA-43DD-BE97-608FE8979AF2}"
EndProject
Global
	GlobalSection(SolutionConfigurationPlatforms) = preSolution
		Debug|x64 = Debug|x64
		Debug|x86 = Debug|x86
		Release|x64 = Release|x64
		Release|x86 = Release|x86
	EndGlobalSection
	GlobalSection(ProjectConfigurationPlatforms) = postSolution
		{74193FB9-08CA-43DD-BE97-608FE8979AF2}.Debug|x64.ActiveCfg = Debug|x64
		{74193FB9-08CA-43DD-BE97-608FE8979AF2}.Debug|x64.Build.0 = Debug|x64
		{74193FB9-08CA-43DD-BE97-608FE8979AF2}.Debug|x86.ActiveCfg = Debug|Win32
		{74193FB9-08CA-43DD-BE97-608FE8979AF2}.Debug|x86.Build.0 = Debug|Win32
		{74193FB9-08CA-43DD-BE97-608FE8979AF2}.Release|x64.ActiveCfg = Release|x64
		{74193FB9-08CA-43DD-BE97-608FE8979AF2}.Release|x64.Build.0 = Release|x64
		{74193FB9-08CA-43DD-BE97-608FE8979AF2}.Release|x86.ActiveCfg = Release|Win32
		{74193FB9-08CA-43DD-BE97-608FE8979AF2}.Release|x86.Build.0 = Release|Win32
	EndGlobalSection
	GlobalSection(SolutionProperties) = preSolution
		HideSolutionNode = FALSE
	EndGlobalSection
	GlobalSection(ExtensibilityGlobals) = postSolution
		SolutionGuid = {3BF97460-D0FA-4297-BAF5-986C9C3BB4C5}
	EndGlobalSection
EndGlobal
