
Microsoft Visual Studio Solution File, Format Version 12.00
# Visual Studio Version 17
VisualStudioVersion = 17.4.33213.308
MinimumVisualStudioVersion = 10.0.40219.1
Project("{8BC9CEB8-8B4A-11D0-8D11-00A0C91BC942}") = "1620번", "1620번.vcxproj", "{4976D853-1A56-4797-9292-CC1DB03A9E0C}"
EndProject
Global
	GlobalSection(SolutionConfigurationPlatforms) = preSolution
		Debug|x64 = Debug|x64
		Debug|x86 = Debug|x86
		Release|x64 = Release|x64
		Release|x86 = Release|x86
	EndGlobalSection
	GlobalSection(ProjectConfigurationPlatforms) = postSolution
		{4976D853-1A56-4797-9292-CC1DB03A9E0C}.Debug|x64.ActiveCfg = Debug|x64
		{4976D853-1A56-4797-9292-CC1DB03A9E0C}.Debug|x64.Build.0 = Debug|x64
		{4976D853-1A56-4797-9292-CC1DB03A9E0C}.Debug|x86.ActiveCfg = Debug|Win32
		{4976D853-1A56-4797-9292-CC1DB03A9E0C}.Debug|x86.Build.0 = Debug|Win32
		{4976D853-1A56-4797-9292-CC1DB03A9E0C}.Release|x64.ActiveCfg = Release|x64
		{4976D853-1A56-4797-9292-CC1DB03A9E0C}.Release|x64.Build.0 = Release|x64
		{4976D853-1A56-4797-9292-CC1DB03A9E0C}.Release|x86.ActiveCfg = Release|Win32
		{4976D853-1A56-4797-9292-CC1DB03A9E0C}.Release|x86.Build.0 = Release|Win32
	EndGlobalSection
	GlobalSection(SolutionProperties) = preSolution
		HideSolutionNode = FALSE
	EndGlobalSection
	GlobalSection(ExtensibilityGlobals) = postSolution
		SolutionGuid = {70E8D70D-9DF5-44CA-8151-A7F920C22AF0}
	EndGlobalSection
EndGlobal
