
Microsoft Visual Studio Solution File, Format Version 12.00
# Visual Studio Version 17
VisualStudioVersion = 17.4.33205.214
MinimumVisualStudioVersion = 10.0.40219.1
Project("{8BC9CEB8-8B4A-11D0-8D11-00A0C91BC942}") = "10871번", "10871번.vcxproj", "{77DB3953-2A41-4949-B019-76C97DB3F46F}"
EndProject
Global
	GlobalSection(SolutionConfigurationPlatforms) = preSolution
		Debug|x64 = Debug|x64
		Debug|x86 = Debug|x86
		Release|x64 = Release|x64
		Release|x86 = Release|x86
	EndGlobalSection
	GlobalSection(ProjectConfigurationPlatforms) = postSolution
		{77DB3953-2A41-4949-B019-76C97DB3F46F}.Debug|x64.ActiveCfg = Debug|x64
		{77DB3953-2A41-4949-B019-76C97DB3F46F}.Debug|x64.Build.0 = Debug|x64
		{77DB3953-2A41-4949-B019-76C97DB3F46F}.Debug|x86.ActiveCfg = Debug|Win32
		{77DB3953-2A41-4949-B019-76C97DB3F46F}.Debug|x86.Build.0 = Debug|Win32
		{77DB3953-2A41-4949-B019-76C97DB3F46F}.Release|x64.ActiveCfg = Release|x64
		{77DB3953-2A41-4949-B019-76C97DB3F46F}.Release|x64.Build.0 = Release|x64
		{77DB3953-2A41-4949-B019-76C97DB3F46F}.Release|x86.ActiveCfg = Release|Win32
		{77DB3953-2A41-4949-B019-76C97DB3F46F}.Release|x86.Build.0 = Release|Win32
	EndGlobalSection
	GlobalSection(SolutionProperties) = preSolution
		HideSolutionNode = FALSE
	EndGlobalSection
	GlobalSection(ExtensibilityGlobals) = postSolution
		SolutionGuid = {48179364-5591-4C3D-A2F2-6C4EF91C72B3}
	EndGlobalSection
EndGlobal
