
Microsoft Visual Studio Solution File, Format Version 12.00
# Visual Studio Version 17
VisualStudioVersion = 17.4.33213.308
MinimumVisualStudioVersion = 10.0.40219.1
Project("{8BC9CEB8-8B4A-11D0-8D11-00A0C91BC942}") = "11051번", "11051번.vcxproj", "{57FE5491-CB14-4594-95D2-68BB030FCE3E}"
EndProject
Global
	GlobalSection(SolutionConfigurationPlatforms) = preSolution
		Debug|x64 = Debug|x64
		Debug|x86 = Debug|x86
		Release|x64 = Release|x64
		Release|x86 = Release|x86
	EndGlobalSection
	GlobalSection(ProjectConfigurationPlatforms) = postSolution
		{57FE5491-CB14-4594-95D2-68BB030FCE3E}.Debug|x64.ActiveCfg = Debug|x64
		{57FE5491-CB14-4594-95D2-68BB030FCE3E}.Debug|x64.Build.0 = Debug|x64
		{57FE5491-CB14-4594-95D2-68BB030FCE3E}.Debug|x86.ActiveCfg = Debug|Win32
		{57FE5491-CB14-4594-95D2-68BB030FCE3E}.Debug|x86.Build.0 = Debug|Win32
		{57FE5491-CB14-4594-95D2-68BB030FCE3E}.Release|x64.ActiveCfg = Release|x64
		{57FE5491-CB14-4594-95D2-68BB030FCE3E}.Release|x64.Build.0 = Release|x64
		{57FE5491-CB14-4594-95D2-68BB030FCE3E}.Release|x86.ActiveCfg = Release|Win32
		{57FE5491-CB14-4594-95D2-68BB030FCE3E}.Release|x86.Build.0 = Release|Win32
	EndGlobalSection
	GlobalSection(SolutionProperties) = preSolution
		HideSolutionNode = FALSE
	EndGlobalSection
	GlobalSection(ExtensibilityGlobals) = postSolution
		SolutionGuid = {055D7EC2-C22C-4A36-9C77-A778B2723DCA}
	EndGlobalSection
EndGlobal
